
Microsoft Visual Studio Solution File, Format Version 12.00
# Visual Studio Version 16
VisualStudioVersion = 16.0.30114.105
MinimumVisualStudioVersion = 10.0.40219.1
Project("{FAE04EC0-301F-11D3-BF4B-00C04F79EFBC}") = "DonateMKE", "DonateMKE\DonateMKE.csproj", "{2D9B2BA0-8968-4B57-B2A7-CD129A46D174}"
EndProject
Global
	GlobalSection(SolutionConfigurationPlatforms) = preSolution
		Debug|Any CPU = Debug|Any CPU
		Release|Any CPU = Release|Any CPU
	EndGlobalSection
	GlobalSection(ProjectConfigurationPlatforms) = postSolution
		{2D9B2BA0-8968-4B57-B2A7-CD129A46D174}.Debug|Any CPU.ActiveCfg = Debug|Any CPU
		{2D9B2BA0-8968-4B57-B2A7-CD129A46D174}.Debug|Any CPU.Build.0 = Debug|Any CPU
		{2D9B2BA0-8968-4B57-B2A7-CD129A46D174}.Release|Any CPU.ActiveCfg = Release|Any CPU
		{2D9B2BA0-8968-4B57-B2A7-CD129A46D174}.Release|Any CPU.Build.0 = Release|Any CPU
	EndGlobalSection
	GlobalSection(SolutionProperties) = preSolution
		HideSolutionNode = FALSE
	EndGlobalSection
	GlobalSection(ExtensibilityGlobals) = postSolution
		SolutionGuid = {20935BCB-A3CA-4BA8-B583-BF8C15A49AC8}
	EndGlobalSection
EndGlobal
